
Microsoft Visual Studio Solution File, Format Version 12.00
# Visual Studio Version 17
VisualStudioVersion = 17.10.34928.147
MinimumVisualStudioVersion = 10.0.40219.1
Project("{9A19103F-16F7-4668-BE54-9A1E7A4F7556}") = "ApiFileUpload", "ApiFileUpload\ApiFileUpload.csproj", "{5B33316D-73FE-4F07-9B73-552B906C3412}"
EndProject
Project("{9A19103F-16F7-4668-BE54-9A1E7A4F7556}") = "MyAzureFunctionsApp", "MyAzureFunctionsApp\MyAzureFunctionsApp.csproj", "{BC44F7C6-E855-4BA0-A262-D9F9B7C565FD}"
EndProject
Project("{FAE04EC0-301F-11D3-BF4B-00C04F79EFBC}") = "TestAPIAzureFunc", "TestAPIAzureFunc\TestAPIAzureFunc.csproj", "{45412EC1-33DD-4D2C-819B-E77179F426A2}"
EndProject
Global
	GlobalSection(SolutionConfigurationPlatforms) = preSolution
		Debug|Any CPU = Debug|Any CPU
		Release|Any CPU = Release|Any CPU
	EndGlobalSection
	GlobalSection(ProjectConfigurationPlatforms) = postSolution
		{5B33316D-73FE-4F07-9B73-552B906C3412}.Debug|Any CPU.ActiveCfg = Debug|Any CPU
		{5B33316D-73FE-4F07-9B73-552B906C3412}.Debug|Any CPU.Build.0 = Debug|Any CPU
		{5B33316D-73FE-4F07-9B73-552B906C3412}.Release|Any CPU.ActiveCfg = Release|Any CPU
		{5B33316D-73FE-4F07-9B73-552B906C3412}.Release|Any CPU.Build.0 = Release|Any CPU
		{BC44F7C6-E855-4BA0-A262-D9F9B7C565FD}.Debug|Any CPU.ActiveCfg = Debug|Any CPU
		{BC44F7C6-E855-4BA0-A262-D9F9B7C565FD}.Debug|Any CPU.Build.0 = Debug|Any CPU
		{BC44F7C6-E855-4BA0-A262-D9F9B7C565FD}.Release|Any CPU.ActiveCfg = Release|Any CPU
		{BC44F7C6-E855-4BA0-A262-D9F9B7C565FD}.Release|Any CPU.Build.0 = Release|Any CPU
		{45412EC1-33DD-4D2C-819B-E77179F426A2}.Debug|Any CPU.ActiveCfg = Debug|Any CPU
		{45412EC1-33DD-4D2C-819B-E77179F426A2}.Debug|Any CPU.Build.0 = Debug|Any CPU
		{45412EC1-33DD-4D2C-819B-E77179F426A2}.Release|Any CPU.ActiveCfg = Release|Any CPU
		{45412EC1-33DD-4D2C-819B-E77179F426A2}.Release|Any CPU.Build.0 = Release|Any CPU
	EndGlobalSection
	GlobalSection(SolutionProperties) = preSolution
		HideSolutionNode = FALSE
	EndGlobalSection
	GlobalSection(ExtensibilityGlobals) = postSolution
		SolutionGuid = {49FB3C8C-6B2E-4833-B174-8039FBEC4591}
	EndGlobalSection
EndGlobal
